github.com/davecgh/go-spew v1.1.0 h1:ZDRjVQ15GmhC3fiQ8ni8+OwkZQO4DARzQgrnXU1Liz8=
github.com/pmezard/go-difflib v1.0.0 h1:4DBwDE0NGyQoBHbLQYPwSUPoCMWR5BEzIk/f1lZbAQM=
github.com/stretchr/testify v1.7.1 h1:5TQK59W5E3v0r2duFAb7P95B6hEeOyEnHRa8MjYSMTY=
golang.org/x/crypto v0.0.0-20220518034528-6f7dac969898 h1:SLP7Q4Di66FONjDJbCYrCRrh97focO6sLogHO7/g8F0=
golang.org/x/crypto v0.0.0-20220518034528-6f7dac969898/go.mod h1:IxCIyHEi3zRg3s0A5j5BB6A9Jmi73HwBIUl50j+osU4=
golang.org/x/net v0.0.0-20220520000938-2e3eb7b945c2 h1:NWy5+hlRbC7HK+PmcXVUmW1IMyFce7to56IUvhUFm7Y=
golang.org/x/net v0.0.0-20220520000938-2e3eb7b945c2/go.mod h1:CfG3xpIq0wQ8r1q4Su4UZFWDARRcnwPjda9FqA0JpMk=
gopkg.in/yaml.v3 v3.0.0-20200313102051-9f266ea9e77c h1:dUUwHk2QECo/6vqA44rthZ8ie2QXMNeKRTHCNY2nXvo=
maunium.net/go/mautrix v0.11.0 h1:B1FBHcvE4Mud+AC+zgNQQOw0JxSVrt40watCejhVA7w=
maunium.net/go/mautrix v0.11.0/go.mod h1:K29EcHwsNg6r7fMfwvi0GHQ9o5wSjqB9+Q8RjCIQEjA=
